// !$*UTF8*$!
{
	archiveVersion = 1;
	classes = {
	};
	objectVersion = 50;
	objects = {

/* Begin PBXBuildFile section */
		65A76BBB234C7FD3005C4727 /* AppDelegate.swift in Sources */ = {isa = PBXBuildFile; fileRef = 65A76BBA234C7FD3005C4727 /* AppDelegate.swift */; };
		65A76BBD234C7FD3005C4727 /* ViewController.swift in Sources */ = {isa = PBXBuildFile; fileRef = 65A76BBC234C7FD3005C4727 /* ViewController.swift */; };
		65A76BC0234C7FD3005C4727 /* Main.storyboard in Resources */ = {isa = PBXBuildFile; fileRef = 65A76BBE234C7FD3005C4727 /* Main.storyboard */; };
		65A76BC2234C7FD4005C4727 /* Assets.xcassets in Resources */ = {isa = PBXBuildFile; fileRef = 65A76BC1234C7FD4005C4727 /* Assets.xcassets */; };
		65A76BC5234C7FD4005C4727 /* LaunchScreen.storyboard in Resources */ = {isa = PBXBuildFile; fileRef = 65A76BC3234C7FD4005C4727 /* LaunchScreen.storyboard */; };
		65A76BD0234C7FD4005C4727 /* TheSampleTests.swift in Sources */ = {isa = PBXBuildFile; fileRef = 65A76BCF234C7FD4005C4727 /* TheSampleTests.swift */; };
/* End PBXBuildFile section */

/* Begin PBXContainerItemProxy section */
		65A76BCC234C7FD4005C4727 /* PBXContainerItemProxy */ = {
			isa = PBXContainerItemProxy;
			containerPortal = 65A76BAF234C7FD3005C4727 /* Project object */;
			proxyType = 1;
			remoteGlobalIDString = 65A76BB6234C7FD3005C4727;
			remoteInfo = TheSample;
		};
/* End PBXContainerItemProxy section */

/* Begin PBXFileReference section */
		65A76BB7234C7FD3005C4727 /* TheSample.app */ = {isa = PBXFileReference; explicitFileType = wrapper.application; includeInIndex = 0; path = TheSample.app; sourceTree = BUILT_PRODUCTS_DIR; };
		65A76BBA234C7FD3005C4727 /* AppDelegate.swift */ = {isa = PBXFileReference; lastKnownFileType = sourcecode.swift; path = AppDelegate.swift; sourceTree = "<group>"; };
		65A76BBC234C7FD3005C4727 /* ViewController.swift */ = {isa = PBXFileReference; lastKnownFileType = sourcecode.swift; path = ViewController.swift; sourceTree = "<group>"; };
		65A76BBF234C7FD3005C4727 /* Base */ = {isa = PBXFileReference; lastKnownFileType = file.storyboard; name = Base; path = Base.lproj/Main.storyboard; sourceTree = "<group>"; };
		65A76BC1234C7FD4005C4727 /* Assets.xcassets */ = {isa = PBXFileReference; lastKnownFileType = folder.assetcatalog; path = Assets.xcassets; sourceTree = "<group>"; };
		65A76BC4234C7FD4005C4727 /* Base */ = {isa = PBXFileReference; lastKnownFileType = file.storyboard; name = Base; path = Base.lproj/LaunchScreen.storyboard; sourceTree = "<group>"; };
		65A76BC6234C7FD4005C4727 /* Info.plist */ = {isa = PBXFileReference; lastKnownFileType = text.plist.xml; path = Info.plist; sourceTree = "<group>"; };
		65A76BCB234C7FD4005C4727 /* TheSampleTests.xctest */ = {isa = PBXFileReference; explicitFileType = wrapper.cfbundle; includeInIndex = 0; path = TheSampleTests.xctest; sourceTree = BUILT_PRODUCTS_DIR; };
		65A76BCF234C7FD4005C4727 /* TheSampleTests.swift */ = {isa = PBXFileReference; lastKnownFileType = sourcecode.swift; path = TheSampleTests.swift; sourceTree = "<group>"; };
		65A76BD1234C7FD4005C4727 /* Info.plist */ = {isa = PBXFileReference; lastKnownFileType = text.plist.xml; path = Info.plist; sourceTree = "<group>"; };
/* End PBXFileReference section */

/* Begin PBXFrameworksBuildPhase section */
		65A76BB4234C7FD3005C4727 /* Frameworks */ = {
			isa = PBXFrameworksBuildPhase;
			buildActionMask = 2147483647;
			files = (
			);
			runOnlyForDeploymentPostprocessing = 0;
		};
		65A76BC8234C7FD4005C4727 /* Frameworks */ = {
			isa = PBXFrameworksBuildPhase;
			buildActionMask = 2147483647;
			files = (
			);
			runOnlyForDeploymentPostprocessing = 0;
		};
/* End PBXFrameworksBuildPhase section */

/* Begin PBXGroup section */
		65A76BAE234C7FD3005C4727 = {
			isa = PBXGroup;
			children = (
				65A76BB9234C7FD3005C4727 /* TheSample */,
				65A76BCE234C7FD4005C4727 /* TheSampleTests */,
				65A76BB8234C7FD3005C4727 /* Products */,
			);
			sourceTree = "<group>";
		};
		65A76BB8234C7FD3005C4727 /* Products */ = {
			isa = PBXGroup;
			children = (
				65A76BB7234C7FD3005C4727 /* TheSample.app */,
				65A76BCB234C7FD4005C4727 /* TheSampleTests.xctest */,
			);
			name = Products;
			sourceTree = "<group>";
		};
		65A76BB9234C7FD3005C4727 /* TheSample */ = {
			isa = PBXGroup;
			children = (
				65A76BBA234C7FD3005C4727 /* AppDelegate.swift */,
				65A76BBC234C7FD3005C4727 /* ViewController.swift */,
				65A76BBE234C7FD3005C4727 /* Main.storyboard */,
				65A76BC1234C7FD4005C4727 /* Assets.xcassets */,
				65A76BC3234C7FD4005C4727 /* LaunchScreen.storyboard */,
				65A76BC6234C7FD4005C4727 /* Info.plist */,
			);
			path = TheSample;
			sourceTree = "<group>";
		};
		65A76BCE234C7FD4005C4727 /* TheSampleTests */ = {
			isa = PBXGroup;
			children = (
				65A76BCF234C7FD4005C4727 /* TheSampleTests.swift */,
				65A76BD1234C7FD4005C4727 /* Info.plist */,
			);
			path = TheSampleTests;
			sourceTree = "<group>";
		};
/* End PBXGroup section */

/* Begin PBXNativeTarget section */
		65A76BB6234C7FD3005C4727 /* TheSample */ = {
			isa = PBXNativeTarget;
			buildConfigurationList = 65A76BD4234C7FD4005C4727 /* Build configuration list for PBXNativeTarget "TheSample" */;
			buildPhases = (
				65A76BB3234C7FD3005C4727 /* Sources */,
				65A76BB4234C7FD3005C4727 /* Frameworks */,
				65A76BB5234C7FD3005C4727 /* Resources */,
			);
			buildRules = (
			);
			dependencies = (
			);
			name = TheSample;
			productName = TheSample;
			productReference = 65A76BB7234C7FD3005C4727 /* TheSample.app */;
			productType = "com.apple.product-type.application";
		};
		65A76BCA234C7FD4005C4727 /* TheSampleTests */ = {
			isa = PBXNativeTarget;
			buildConfigurationList = 65A76BD7234C7FD4005C4727 /* Build configuration list for PBXNativeTarget "TheSampleTests" */;
			buildPhases = (
				65A76BC7234C7FD4005C4727 /* Sources */,
				65A76BC8234C7FD4005C4727 /* Frameworks */,
				65A76BC9234C7FD4005C4727 /* Resources */,
			);
			buildRules = (
			);
			dependencies = (
				65A76BCD234C7FD4005C4727 /* PBXTargetDependency */,
			);
			name = TheSampleTests;
			productName = TheSampleTests;
			productReference = 65A76BCB234C7FD4005C4727 /* TheSampleTests.xctest */;
			productType = "com.apple.product-type.bundle.unit-test";
		};
/* End PBXNativeTarget section */

/* Begin PBXProject section */
		65A76BAF234C7FD3005C4727 /* Project object */ = {
			isa = PBXProject;
			attributes = {
				LastSwiftUpdateCheck = 1020;
				LastUpgradeCheck = 1020;
				ORGANIZATIONNAME = "Esa Firman";
				TargetAttributes = {
					65A76BB6234C7FD3005C4727 = {
						CreatedOnToolsVersion = 10.2.1;
					};
					65A76BCA234C7FD4005C4727 = {
						CreatedOnToolsVersion = 10.2.1;
						TestTargetID = 65A76BB6234C7FD3005C4727;
					};
				};
			};
			buildConfigurationList = 65A76BB2234C7FD3005C4727 /* Build configuration list for PBXProject "TheSample" */;
			compatibilityVersion = "Xcode 9.3";
			developmentRegion = en;
			hasScannedForEncodings = 0;
			knownRegions = (
				en,
				Base,
			);
			mainGroup = 65A76BAE234C7FD3005C4727;
			productRefGroup = 65A76BB8234C7FD3005C4727 /* Products */;
			projectDirPath = "";
			projectRoot = "";
			targets = (
				65A76BB6234C7FD3005C4727 /* TheSample */,
				65A76BCA234C7FD4005C4727 /* TheSampleTests */,
			);
		};
/* End PBXProject section */

/* Begin PBXResourcesBuildPhase section */
		65A76BB5234C7FD3005C4727 /* Resources */ = {
			isa = PBXResourcesBuildPhase;
			buildActionMask = 2147483647;
			files = (
				65A76BC5234C7FD4005C4727 /* LaunchScreen.storyboard in Resources */,
				65A76BC2234C7FD4005C4727 /* Assets.xcassets in Resources */,
				65A76BC0234C7FD3005C4727 /* Main.storyboard in Resources */,
			);
			runOnlyForDeploymentPostprocessing = 0;
		};
		65A76BC9234C7FD4005C4727 /* Resources */ = {
			isa = PBXResourcesBuildPhase;
			buildActionMask = 2147483647;
			files = (
			);
			runOnlyForDeploymentPostprocessing = 0;
		};
/* End PBXResourcesBuildPhase section */

/* Begin PBXSourcesBuildPhase section */
		65A76BB3234C7FD3005C4727 /* Sources */ = {
			isa = PBXSourcesBuildPhase;
			buildActionMask = 2147483647;
			files = (
				65A76BBD234C7FD3005C4727 /* ViewController.swift in Sources */,
				65A76BBB234C7FD3005C4727 /* AppDelegate.swift in Sources */,
			);
			runOnlyForDeploymentPostprocessing = 0;
		};
		65A76BC7234C7FD4005C4727 /* Sources */ = {
			isa = PBXSourcesBuildPhase;
			buildActionMask = 2147483647;
			files = (
				65A76BD0234C7FD4005C4727 /* TheSampleTests.swift in Sources */,
			);
			runOnlyForDeploymentPostprocessing = 0;
		};
/* End PBXSourcesBuildPhase section */

/* Begin PBXTargetDependency section */
		65A76BCD234C7FD4005C4727 /* PBXTargetDependency */ = {
			isa = PBXTargetDependency;
			target = 65A76BB6234C7FD3005C4727 /* TheSample */;
			targetProxy = 65A76BCC234C7FD4005C4727 /* PBXContainerItemProxy */;
		};
/* End PBXTargetDependency section */

/* Begin PBXVariantGroup section */
		65A76BBE234C7FD3005C4727 /* Main.storyboard */ = {
			isa = PBXVariantGroup;
			children = (
				65A76BBF234C7FD3005C4727 /* Base */,
			);
			name = Main.storyboard;
			sourceTree = "<group>";
		};
		65A76BC3234C7FD4005C4727 /* LaunchScreen.storyboard */ = {
			isa = PBXVariantGroup;
			children = (
				65A76BC4234C7FD4005C4727 /* Base */,
			);
			name = LaunchScreen.storyboard;
			sourceTree = "<group>";
		};
/* End PBXVariantGroup section */

/* Begin XCBuildConfiguration section */
		65A76BD2234C7FD4005C4727 /* Debug */ = {
			isa = XCBuildConfiguration;
			buildSettings = {
				ALWAYS_SEARCH_USER_PATHS = NO;
				CLANG_ANALYZER_NONNULL = YES;
				CLANG_ANALYZER_NUMBER_OBJECT_CONVERSION = YES_AGGRESSIVE;
				CLANG_CXX_LANGUAGE_STANDARD = "gnu++14";
				CLANG_CXX_LIBRARY = "libc++";
				CLANG_ENABLE_MODULES = YES;
				CLANG_ENABLE_OBJC_ARC = YES;
				CLANG_ENABLE_OBJC_WEAK = YES;
				CLANG_WARN_BLOCK_CAPTURE_AUTORELEASING = YES;
				CLANG_WARN_BOOL_CONVERSION = YES;
				CLANG_WARN_COMMA = YES;
				CLANG_WARN_CONSTANT_CONVERSION = YES;
				CLANG_WARN_DEPRECATED_OBJC_IMPLEMENTATIONS = YES;
				CLANG_WARN_DIRECT_OBJC_ISA_USAGE = YES_ERROR;
				CLANG_WARN_DOCUMENTATION_COMMENTS = YES;
				CLANG_WARN_EMPTY_BODY = YES;
				CLANG_WARN_ENUM_CONVERSION = YES;
				CLANG_WARN_INFINITE_RECURSION = YES;
				CLANG_WARN_INT_CONVERSION = YES;
				CLANG_WARN_NON_LITERAL_NULL_CONVERSION = YES;
				CLANG_WARN_OBJC_IMPLICIT_RETAIN_SELF = YES;
				CLANG_WARN_OBJC_LITERAL_CONVERSION = YES;
				CLANG_WARN_OBJC_ROOT_CLASS = YES_ERROR;
				CLANG_WARN_RANGE_LOOP_ANALYSIS = YES;
				CLANG_WARN_STRICT_PROTOTYPES = YES;
				CLANG_WARN_SUSPICIOUS_MOVE = YES;
				CLANG_WARN_UNGUARDED_AVAILABILITY = YES_AGGRESSIVE;
				CLANG_WARN_UNREACHABLE_CODE = YES;
				CLANG_WARN__DUPLICATE_METHOD_MATCH = YES;
				CODE_SIGN_IDENTITY = "iPhone Developer";
				COPY_PHASE_STRIP = NO;
				DEBUG_INFORMATION_FORMAT = dwarf;
				ENABLE_STRICT_OBJC_MSGSEND = YES;
				ENABLE_TESTABILITY = YES;
				GCC_C_LANGUAGE_STANDARD = gnu11;
				GCC_DYNAMIC_NO_PIC = NO;
				GCC_NO_COMMON_BLOCKS = YES;
				GCC_OPTIMIZATION_LEVEL = 0;
				GCC_PREPROCESSOR_DEFINITIONS = (
					"DEBUG=1",
					"$(inherited)",
				);
				GCC_WARN_64_TO_32_BIT_CONVERSION = YES;
				GCC_WARN_ABOUT_RETURN_TYPE = YES_ERROR;
				GCC_WARN_UNDECLARED_SELECTOR = YES;
				GCC_WARN_UNINITIALIZED_AUTOS = YES_AGGRESSIVE;
				GCC_WARN_UNUSED_FUNCTION = YES;
				GCC_WARN_UNUSED_VARIABLE = YES;
				IPHONEOS_DEPLOYMENT_TARGET = 12.2;
				MTL_ENABLE_DEBUG_INFO = INCLUDE_SOURCE;
				MTL_FAST_MATH = YES;
				ONLY_ACTIVE_ARCH = YES;
				SDKROOT = iphoneos;
				SWIFT_ACTIVE_COMPILATION_CONDITIONS = DEBUG;
				SWIFT_OPTIMIZATION_LEVEL = "-Onone";
			};
			name = Debug;
		};
		65A76BD3234C7FD4005C4727 /* Release */ = {
			isa = XCBuildConfiguration;
			buildSettings = {
				ALWAYS_SEARCH_USER_PATHS = NO;
				CLANG_ANALYZER_NONNULL = YES;
				CLANG_ANALYZER_NUMBER_OBJECT_CONVERSION = YES_AGGRESSIVE;
				CLANG_CXX_LANGUAGE_STANDARD = "gnu++14";
				CLANG_CXX_LIBRARY = "libc++";
				CLANG_ENABLE_MODULES = YES;
				CLANG_ENABLE_OBJC_ARC = YES;
				CLANG_ENABLE_OBJC_WEAK = YES;
				CLANG_WARN_BLOCK_CAPTURE_AUTORELEASING = YES;
				CLANG_WARN_BOOL_CONVERSION = YES;
				CLANG_WARN_COMMA = YES;
				CLANG_WARN_CONSTANT_CONVERSION = YES;
				CLANG_WARN_DEPRECATED_OBJC_IMPLEMENTATIONS = YES;
				CLANG_WARN_DIRECT_OBJC_ISA_USAGE = YES_ERROR;
				CLANG_WARN_DOCUMENTATION_COMMENTS = YES;
				CLANG_WARN_EMPTY_BODY = YES;
				CLANG_WARN_ENUM_CONVERSION = YES;
				CLANG_WARN_INFINITE_RECURSION = YES;
				CLANG_WARN_INT_CONVERSION = YES;
				CLANG_WARN_NON_LITERAL_NULL_CONVERSION = YES;
				CLANG_WARN_OBJC_IMPLICIT_RETAIN_SELF = YES;
				CLANG_WARN_OBJC_LITERAL_CONVERSION = YES;
				CLANG_WARN_OBJC_ROOT_CLASS = YES_ERROR;
				CLANG_WARN_RANGE_LOOP_ANALYSIS = YES;
				CLANG_WARN_STRICT_PROTOTYPES = YES;
				CLANG_WARN_SUSPICIOUS_MOVE = YES;
				CLANG_WARN_UNGUARDED_AVAILABILITY = YES_AGGRESSIVE;
				CLANG_WARN_UNREACHABLE_CODE = YES;
				CLANG_WARN__DUPLICATE_METHOD_MATCH = YES;
				CODE_SIGN_IDENTITY = "iPhone Developer";
				COPY_PHASE_STRIP = NO;
				DEBUG_INFORMATION_FORMAT = "dwarf-with-dsym";
				ENABLE_NS_ASSERTIONS = NO;
				ENABLE_STRICT_OBJC_MSGSEND = YES;
				GCC_C_LANGUAGE_STANDARD = gnu11;
				GCC_NO_COMMON_BLOCKS = YES;
				GCC_WARN_64_TO_32_BIT_CONVERSION = YES;
				GCC_WARN_ABOUT_RETURN_TYPE = YES_ERROR;
				GCC_WARN_UNDECLARED_SELECTOR = YES;
				GCC_WARN_UNINITIALIZED_AUTOS = YES_AGGRESSIVE;
				GCC_WARN_UNUSED_FUNCTION = YES;
				GCC_WARN_UNUSED_VARIABLE = YES;
				IPHONEOS_DEPLOYMENT_TARGET = 12.2;
				MTL_ENABLE_DEBUG_INFO = NO;
				MTL_FAST_MATH = YES;
				SDKROOT = iphoneos;
				SWIFT_COMPILATION_MODE = wholemodule;
				SWIFT_OPTIMIZATION_LEVEL = "-O";
				VALIDATE_PRODUCT = YES;
			};
			name = Release;
		};
		65A76BD5234C7FD4005C4727 /* Debug */ = {
			isa = XCBuildConfiguration;
			buildSettings = {
				ASSETCATALOG_COMPILER_APPICON_NAME = AppIcon;
				CODE_SIGN_STYLE = Automatic;
				INFOPLIST_FILE = TheSample/Info.plist;
				LD_RUNPATH_SEARCH_PATHS = (
					"$(inherited)",
					"@executable_path/Frameworks",
				);
				PRODUCT_BUNDLE_IDENTIFIER = Nolambda.TheSample;
				PRODUCT_NAME = "$(TARGET_NAME)";
				SWIFT_VERSION = 5.0;
				TARGETED_DEVICE_FAMILY = "1,2";
			};
			name = Debug;
		};
		65A76BD6234C7FD4005C4727 /* Release */ = {
			isa = XCBuildConfiguration;
			buildSettings = {
				ASSETCATALOG_COMPILER_APPICON_NAME = AppIcon;
				CODE_SIGN_STYLE = Automatic;
				INFOPLIST_FILE = TheSample/Info.plist;
				LD_RUNPATH_SEARCH_PATHS = (
					"$(inherited)",
					"@executable_path/Frameworks",
				);
				PRODUCT_BUNDLE_IDENTIFIER = Nolambda.TheSample;
				PRODUCT_NAME = "$(TARGET_NAME)";
				SWIFT_VERSION = 5.0;
				TARGETED_DEVICE_FAMILY = "1,2";
			};
			name = Release;
		};
		65A76BD8234C7FD4005C4727 /* Debug */ = {
			isa = XCBuildConfiguration;
			buildSettings = {
				ALWAYS_EMBED_SWIFT_STANDARD_LIBRARIES = YES;
				BUNDLE_LOADER = "$(TEST_HOST)";
				CODE_SIGN_STYLE = Automatic;
				INFOPLIST_FILE = TheSampleTests/Info.plist;
				LD_RUNPATH_SEARCH_PATHS = (
					"$(inherited)",
					"@executable_path/Frameworks",
					"@loader_path/Frameworks",
				);
				PRODUCT_BUNDLE_IDENTIFIER = Nolambda.TheSampleTests;
				PRODUCT_NAME = "$(TARGET_NAME)";
				SWIFT_VERSION = 5.0;
				TARGETED_DEVICE_FAMILY = "1,2";
				TEST_HOST = "$(BUILT_PRODUCTS_DIR)/TheSample.app/TheSample";
			};
			name = Debug;
		};
		65A76BD9234C7FD4005C4727 /* Release */ = {
			isa = XCBuildConfiguration;
			buildSettings = {
				ALWAYS_EMBED_SWIFT_STANDARD_LIBRARIES = YES;
				BUNDLE_LOADER = "$(TEST_HOST)";
				CODE_SIGN_STYLE = Automatic;
				INFOPLIST_FILE = TheSampleTests/Info.plist;
				LD_RUNPATH_SEARCH_PATHS = (
					"$(inherited)",
					"@executable_path/Frameworks",
					"@loader_path/Frameworks",
				);
				PRODUCT_BUNDLE_IDENTIFIER = Nolambda.TheSampleTests;
				PRODUCT_NAME = "$(TARGET_NAME)";
				SWIFT_VERSION = 5.0;
				TARGETED_DEVICE_FAMILY = "1,2";
				TEST_HOST = "$(BUILT_PRODUCTS_DIR)/TheSample.app/TheSample";
			};
			name = Release;
		};
/* End XCBuildConfiguration section */

/* Begin XCConfigurationList section */
		65A76BB2234C7FD3005C4727 /* Build configuration list for PBXProject "TheSample" */ = {
			isa = XCConfigurationList;
			buildConfigurations = (
				65A76BD2234C7FD4005C4727 /* Debug */,
				65A76BD3234C7FD4005C4727 /* Release */,
			);
			defaultConfigurationIsVisible = 0;
			defaultConfigurationName = Release;
		};
		65A76BD4234C7FD4005C4727 /* Build configuration list for PBXNativeTarget "TheSample" */ = {
			isa = XCConfigurationList;
			buildConfigurations = (
				65A76BD5234C7FD4005C4727 /* Debug */,
				65A76BD6234C7FD4005C4727 /* Release */,
			);
			defaultConfigurationIsVisible = 0;
			defaultConfigurationName = Release;
		};
		65A76BD7234C7FD4005C4727 /* Build configuration list for PBXNativeTarget "TheSampleTests" */ = {
			isa = XCConfigurationList;
			buildConfigurations = (
				65A76BD8234C7FD4005C4727 /* Debug */,
				65A76BD9234C7FD4005C4727 /* Release */,
			);
			defaultConfigurationIsVisible = 0;
			defaultConfigurationName = Release;
		};
/* End XCConfigurationList section */
	};
	rootObject = 65A76BAF234C7FD3005C4727 /* Project object */;
}
